Microsoft Visual Studio Solution File, Format Version 8.00
Project("{8BC9CEB8-8B4A-11D0-8D11-00A0C91BC942}") = "CrissCross", "source\CrissCross_vs2003.vcproj", "{9520273D-42A8-4E63-A2DC-C209AAAC2B6A}"
	ProjectSection(ProjectDependencies) = postProject
		{8D5DF97D-B5E3-4685-A409-2E8486FD532D} = {8D5DF97D-B5E3-4685-A409-2E8486FD532D}
	EndProjectSection
EndProject
Project("{8BC9CEB8-8B4A-11D0-8D11-00A0C91BC942}") = "TestSuite", "TestSuite\TestSuite_vs2003.vcproj", "{E445B4EF-9B58-41CE-B68A-EA56DDFF5746}"
	ProjectSection(ProjectDependencies) = postProject
		{9520273D-42A8-4E63-A2DC-C209AAAC2B6A} = {9520273D-42A8-4E63-A2DC-C209AAAC2B6A}
	EndProjectSection
EndProject
Project("{8BC9CEB8-8B4A-11D0-8D11-00A0C91BC942}") = "CPUID", "examples\CPUID\CPUID_vs2003.vcproj", "{FD12E5A5-E163-4337-AD48-0B5A1F093CB9}"
	ProjectSection(ProjectDependencies) = postProject
		{9520273D-42A8-4E63-A2DC-C209AAAC2B6A} = {9520273D-42A8-4E63-A2DC-C209AAAC2B6A}
	EndProjectSection
EndProject
Project("{8BC9CEB8-8B4A-11D0-8D11-00A0C91BC942}") = "GenPrime", "examples\GenPrime\GenPrime_vs2003.vcproj", "{A657FAD6-E144-4F64-A85C-13562E0EF85E}"
	ProjectSection(ProjectDependencies) = postProject
		{9520273D-42A8-4E63-A2DC-C209AAAC2B6A} = {9520273D-42A8-4E63-A2DC-C209AAAC2B6A}
	EndProjectSection
EndProject
Project("{8BC9CEB8-8B4A-11D0-8D11-00A0C91BC942}") = "SortBenchmark", "examples\SortBenchmark\SortBenchmark_vs2003.vcproj", "{00FF9E1F-80A5-4BE1-BEE1-A1E4BE78584F}"
	ProjectSection(ProjectDependencies) = postProject
		{9520273D-42A8-4E63-A2DC-C209AAAC2B6A} = {9520273D-42A8-4E63-A2DC-C209AAAC2B6A}
	EndProjectSection
EndProject
Project("{8BC9CEB8-8B4A-11D0-8D11-00A0C91BC942}") = "EmptyProject", "examples\EmptyProject\EmptyProject_vs2003.vcproj", "{09BEB8C6-4728-4FCC-9C15-D340ACD1BD05}"
	ProjectSection(ProjectDependencies) = postProject
		{9520273D-42A8-4E63-A2DC-C209AAAC2B6A} = {9520273D-42A8-4E63-A2DC-C209AAAC2B6A}
	EndProjectSection
EndProject
Project("{8BC9CEB8-8B4A-11D0-8D11-00A0C91BC942}") = "GenerateBuildNumber", "tools\Build\GenerateBuildNumber_vs2003.vcproj", "{8D5DF97D-B5E3-4685-A409-2E8486FD532D}"
	ProjectSection(ProjectDependencies) = postProject
	EndProjectSection
EndProject
Global
	GlobalSection(SolutionConfiguration) = preSolution
		Debug = Debug
		Release = Release
	EndGlobalSection
	GlobalSection(ProjectDependencies) = postSolution
	EndGlobalSection
	GlobalSection(ProjectConfiguration) = postSolution
		{9520273D-42A8-4E63-A2DC-C209AAAC2B6A}.Debug.ActiveCfg = Debug|Win32
		{9520273D-42A8-4E63-A2DC-C209AAAC2B6A}.Debug.Build.0 = Debug|Win32
		{9520273D-42A8-4E63-A2DC-C209AAAC2B6A}.Release.ActiveCfg = Release|Win32
		{9520273D-42A8-4E63-A2DC-C209AAAC2B6A}.Release.Build.0 = Release|Win32
		{E445B4EF-9B58-41CE-B68A-EA56DDFF5746}.Debug.ActiveCfg = Debug|Win32
		{E445B4EF-9B58-41CE-B68A-EA56DDFF5746}.Debug.Build.0 = Debug|Win32
		{E445B4EF-9B58-41CE-B68A-EA56DDFF5746}.Release.ActiveCfg = Release|Win32
		{E445B4EF-9B58-41CE-B68A-EA56DDFF5746}.Release.Build.0 = Release|Win32
		{FD12E5A5-E163-4337-AD48-0B5A1F093CB9}.Debug.ActiveCfg = Debug|Win32
		{FD12E5A5-E163-4337-AD48-0B5A1F093CB9}.Debug.Build.0 = Debug|Win32
		{FD12E5A5-E163-4337-AD48-0B5A1F093CB9}.Release.ActiveCfg = Release|Win32
		{FD12E5A5-E163-4337-AD48-0B5A1F093CB9}.Release.Build.0 = Release|Win32
		{A657FAD6-E144-4F64-A85C-13562E0EF85E}.Debug.ActiveCfg = Debug|Win32
		{A657FAD6-E144-4F64-A85C-13562E0EF85E}.Debug.Build.0 = Debug|Win32
		{A657FAD6-E144-4F64-A85C-13562E0EF85E}.Release.ActiveCfg = Release|Win32
		{A657FAD6-E144-4F64-A85C-13562E0EF85E}.Release.Build.0 = Release|Win32
		{00FF9E1F-80A5-4BE1-BEE1-A1E4BE78584F}.Debug.ActiveCfg = Debug|Win32
		{00FF9E1F-80A5-4BE1-BEE1-A1E4BE78584F}.Debug.Build.0 = Debug|Win32
		{00FF9E1F-80A5-4BE1-BEE1-A1E4BE78584F}.Release.ActiveCfg = Release|Win32
		{00FF9E1F-80A5-4BE1-BEE1-A1E4BE78584F}.Release.Build.0 = Release|Win32
		{09BEB8C6-4728-4FCC-9C15-D340ACD1BD05}.Debug.ActiveCfg = Debug|Win32
		{09BEB8C6-4728-4FCC-9C15-D340ACD1BD05}.Debug.Build.0 = Debug|Win32
		{09BEB8C6-4728-4FCC-9C15-D340ACD1BD05}.Release.ActiveCfg = Release|Win32
		{09BEB8C6-4728-4FCC-9C15-D340ACD1BD05}.Release.Build.0 = Release|Win32
		{8D5DF97D-B5E3-4685-A409-2E8486FD532D}.Debug.ActiveCfg = Debug|Win32
		{8D5DF97D-B5E3-4685-A409-2E8486FD532D}.Debug.Build.0 = Debug|Win32
		{8D5DF97D-B5E3-4685-A409-2E8486FD532D}.Release.ActiveCfg = Release|Win32
		{8D5DF97D-B5E3-4685-A409-2E8486FD532D}.Release.Build.0 = Release|Win32
	EndGlobalSection
	GlobalSection(ExtensibilityGlobals) = postSolution
	EndGlobalSection
	GlobalSection(ExtensibilityAddIns) = postSolution
	EndGlobalSection
	GlobalSection(SolutionConfigurationPlatforms) = preSolution
		Debug|Win32 = Debug|Win32
		Release|Win32 = Release|Win32
	EndGlobalSection
	GlobalSection(ProjectConfigurationPlatforms) = postSolution
		{9520273D-42A8-4E63-A2DC-C209AAAC2B6A}.Debug|Win32.ActiveCfg = Debug|Win32
		{9520273D-42A8-4E63-A2DC-C209AAAC2B6A}.Debug|Win32.Build.0 = Debug|Win32
		{9520273D-42A8-4E63-A2DC-C209AAAC2B6A}.Release|Win32.ActiveCfg = Release|Win32
		{9520273D-42A8-4E63-A2DC-C209AAAC2B6A}.Release|Win32.Build.0 = Release|Win32
		{E445B4EF-9B58-41CE-B68A-EA56DDFF5746}.Debug|Win32.ActiveCfg = Debug|Win32
		{E445B4EF-9B58-41CE-B68A-EA56DDFF5746}.Debug|Win32.Build.0 = Debug|Win32
		{E445B4EF-9B58-41CE-B68A-EA56DDFF5746}.Release|Win32.ActiveCfg = Release|Win32
		{E445B4EF-9B58-41CE-B68A-EA56DDFF5746}.Release|Win32.Build.0 = Release|Win32
		{FD12E5A5-E163-4337-AD48-0B5A1F093CB9}.Debug|Win32.ActiveCfg = Debug|Win32
		{FD12E5A5-E163-4337-AD48-0B5A1F093CB9}.Debug|Win32.Build.0 = Debug|Win32
		{FD12E5A5-E163-4337-AD48-0B5A1F093CB9}.Release|Win32.ActiveCfg = Release|Win32
		{FD12E5A5-E163-4337-AD48-0B5A1F093CB9}.Release|Win32.Build.0 = Release|Win32
		{A657FAD6-E144-4F64-A85C-13562E0EF85E}.Debug|Win32.ActiveCfg = Debug|Win32
		{A657FAD6-E144-4F64-A85C-13562E0EF85E}.Debug|Win32.Build.0 = Debug|Win32
		{A657FAD6-E144-4F64-A85C-13562E0EF85E}.Release|Win32.ActiveCfg = Release|Win32
		{A657FAD6-E144-4F64-A85C-13562E0EF85E}.Release|Win32.Build.0 = Release|Win32
		{00FF9E1F-80A5-4BE1-BEE1-A1E4BE78584F}.Debug|Win32.ActiveCfg = Debug|Win32
		{00FF9E1F-80A5-4BE1-BEE1-A1E4BE78584F}.Debug|Win32.Build.0 = Debug|Win32
		{00FF9E1F-80A5-4BE1-BEE1-A1E4BE78584F}.Release|Win32.ActiveCfg = Release|Win32
		{00FF9E1F-80A5-4BE1-BEE1-A1E4BE78584F}.Release|Win32.Build.0 = Release|Win32
		{09BEB8C6-4728-4FCC-9C15-D340ACD1BD05}.Debug|Win32.ActiveCfg = Debug|Win32
		{09BEB8C6-4728-4FCC-9C15-D340ACD1BD05}.Debug|Win32.Build.0 = Debug|Win32
		{09BEB8C6-4728-4FCC-9C15-D340ACD1BD05}.Release|Win32.ActiveCfg = Release|Win32
		{09BEB8C6-4728-4FCC-9C15-D340ACD1BD05}.Release|Win32.Build.0 = Release|Win32
		{8D5DF97D-B5E3-4685-A409-2E8486FD532D}.Debug|Win32.ActiveCfg = Debug|Win32
		{8D5DF97D-B5E3-4685-A409-2E8486FD532D}.Debug|Win32.Build.0 = Debug|Win32
		{8D5DF97D-B5E3-4685-A409-2E8486FD532D}.Release|Win32.ActiveCfg = Release|Win32
		{8D5DF97D-B5E3-4685-A409-2E8486FD532D}.Release|Win32.Build.0 = Release|Win32
	EndGlobalSection
	GlobalSection(SolutionProperties) = preSolution
		HideSolutionNode = FALSE
	EndGlobalSection
	GlobalSection(DPCodeReviewSolutionGUID) = preSolution
		DPCodeReviewSolutionGUID = {00000000-0000-0000-0000-000000000000}
	EndGlobalSection
EndGlobal
