Microsoft Visual Studio Solution File, Format Version 8.00
Project("{8BC9CEB8-8B4A-11D0-8D11-00A0C91BC942}") = "Technetium", "source\Technetium_vs2003.vcproj", "{9520273D-42A8-4E63-A2DC-C209AAAC2B6A}"
	ProjectSection(ProjectDependencies) = postProject
	EndProjectSection
EndProject
Global
	GlobalSection(DPCodeReviewSolutionGUID) = preSolution
		DPCodeReviewSolutionGUID = {00000000-0000-0000-0000-000000000000}
	EndGlobalSection
	GlobalSection(SolutionConfiguration) = preSolution
		Debug = Debug
		Release = Release
	EndGlobalSection
	GlobalSection(ProjectConfiguration) = postSolution
		{9520273D-42A8-4E63-A2DC-C209AAAC2B6A}.Debug.ActiveCfg = Debug|Win32
		{9520273D-42A8-4E63-A2DC-C209AAAC2B6A}.Debug.Build.0 = Debug|Win32
		{9520273D-42A8-4E63-A2DC-C209AAAC2B6A}.Release.ActiveCfg = Release|Win32
		{9520273D-42A8-4E63-A2DC-C209AAAC2B6A}.Release.Build.0 = Release|Win32
	EndGlobalSection
	GlobalSection(ExtensibilityGlobals) = postSolution
	EndGlobalSection
	GlobalSection(ExtensibilityAddIns) = postSolution
	EndGlobalSection
EndGlobal
