// !$*UTF8*$!
{
	archiveVersion = 1;
	classes = {
	};
	objectVersion = 42;
	objects = {

/* Begin PBXBuildFile section */
		B0BD2C4C0BE26BF600F71A26 /* core_cpuid.cpp in Sources */ = {isa = PBXBuildFile; fileRef = B0BD2B8B0BE2540900F71A26 /* core_cpuid.cpp */; };
		B0BD2C4D0BE26BF600F71A26 /* core_databuffer.cpp in Sources */ = {isa = PBXBuildFile; fileRef = B0BD2B8C0BE2540900F71A26 /* core_databuffer.cpp */; };
		B0BD2C4E0BE26BF700F71A26 /* core_debug.cpp in Sources */ = {isa = PBXBuildFile; fileRef = B0BD2B8D0BE2540900F71A26 /* core_debug.cpp */; };
		B0BD2C4F0BE26BF700F71A26 /* core_error.cpp in Sources */ = {isa = PBXBuildFile; fileRef = B0BD2B8E0BE2540900F71A26 /* core_error.cpp */; };
		B0BD2C500BE26BF800F71A26 /* core_filesystem.cpp in Sources */ = {isa = PBXBuildFile; fileRef = B0BD2B8F0BE2540900F71A26 /* core_filesystem.cpp */; };
		B0BD2C510BE26BF800F71A26 /* core_io_reader.cpp in Sources */ = {isa = PBXBuildFile; fileRef = B0BD2B900BE2540900F71A26 /* core_io_reader.cpp */; };
		B0BD2C520BE26BF800F71A26 /* core_io_writer.cpp in Sources */ = {isa = PBXBuildFile; fileRef = B0BD2B910BE2540900F71A26 /* core_io_writer.cpp */; };
		B0BD2C540BE26BFE00F71A26 /* core_console.cpp in Sources */ = {isa = PBXBuildFile; fileRef = B0BD2B8A0BE2540900F71A26 /* core_console.cpp */; };
		B0BD2C550BE26C0400F71A26 /* core_compare.h in Headers */ = {isa = PBXBuildFile; fileRef = B0BD2BAE0BE2542600F71A26 /* core_compare.h */; };
		B0BD2C560BE26C0500F71A26 /* core_console.h in Headers */ = {isa = PBXBuildFile; fileRef = B0BD2BAF0BE2542600F71A26 /* core_console.h */; };
		B0BD2C570BE26C0500F71A26 /* core_cpuid.h in Headers */ = {isa = PBXBuildFile; fileRef = B0BD2BB00BE2542600F71A26 /* core_cpuid.h */; };
		B0BD2C580BE26C0600F71A26 /* core_databuffer.h in Headers */ = {isa = PBXBuildFile; fileRef = B0BD2BB10BE2542600F71A26 /* core_databuffer.h */; };
		B0BD2C590BE26C0600F71A26 /* core_debug.h in Headers */ = {isa = PBXBuildFile; fileRef = B0BD2BB20BE2542600F71A26 /* core_debug.h */; };
		B0BD2C5A0BE26C0600F71A26 /* core_deprecate.h in Headers */ = {isa = PBXBuildFile; fileRef = B0BD2BB30BE2542600F71A26 /* core_deprecate.h */; };
		B0BD2C5B0BE26C0700F71A26 /* core_error.h in Headers */ = {isa = PBXBuildFile; fileRef = B0BD2BB40BE2542600F71A26 /* core_error.h */; };
		B0BD2C5C0BE26C0700F71A26 /* core_filesystem.h in Headers */ = {isa = PBXBuildFile; fileRef = B0BD2BB50BE2542600F71A26 /* core_filesystem.h */; };
		B0BD2C5D0BE26C0800F71A26 /* core_io.h in Headers */ = {isa = PBXBuildFile; fileRef = B0BD2BB80BE2542600F71A26 /* core_io.h */; };
		B0BD2C5E0BE26C0800F71A26 /* core_io_reader.h in Headers */ = {isa = PBXBuildFile; fileRef = B0BD2BB60BE2542600F71A26 /* core_io_reader.h */; };
		B0BD2C5F0BE26C0900F71A26 /* core_io_writer.h in Headers */ = {isa = PBXBuildFile; fileRef = B0BD2BB70BE2542600F71A26 /* core_io_writer.h */; };
		B0BD2C600BE26C0900F71A26 /* core_mutex.cpp in Sources */ = {isa = PBXBuildFile; fileRef = B0BD2B920BE2540900F71A26 /* core_mutex.cpp */; };
		B0BD2C610BE26C0A00F71A26 /* core_mutex.h in Headers */ = {isa = PBXBuildFile; fileRef = B0BD2BB90BE2542600F71A26 /* core_mutex.h */; };
		B0BD2C620BE26C0A00F71A26 /* core_network.cpp in Sources */ = {isa = PBXBuildFile; fileRef = B0BD2B930BE2540900F71A26 /* core_network.cpp */; };
		B0BD2C630BE26C0B00F71A26 /* core_network.h in Headers */ = {isa = PBXBuildFile; fileRef = B0BD2BBA0BE2542600F71A26 /* core_network.h */; };
		B0BD2C680BE26C0D00F71A26 /* core_socket.cpp in Sources */ = {isa = PBXBuildFile; fileRef = B0BD2B940BE2540900F71A26 /* core_socket.cpp */; };
		B0BD2C690BE26C0E00F71A26 /* core_socket.h in Headers */ = {isa = PBXBuildFile; fileRef = B0BD2BBB0BE2542600F71A26 /* core_socket.h */; };
		B0BD2C6A0BE26C0E00F71A26 /* core_system.cpp in Sources */ = {isa = PBXBuildFile; fileRef = B0BD2B950BE2540900F71A26 /* core_system.cpp */; };
		B0BD2C6B0BE26C0F00F71A26 /* core_system.h in Headers */ = {isa = PBXBuildFile; fileRef = B0BD2BBC0BE2542600F71A26 /* core_system.h */; };
		B0BD2C730BE26C2200F71A26 /* darray.h in Headers */ = {isa = PBXBuildFile; fileRef = B0BD2BBE0BE2542600F71A26 /* darray.h */; };
		B0BD2C750BE26C2300F71A26 /* dstack.h in Headers */ = {isa = PBXBuildFile; fileRef = B0BD2BC00BE2542600F71A26 /* dstack.h */; };
		B0BD2C770BE26C2F00F71A26 /* universal_include.h in Headers */ = {isa = PBXBuildFile; fileRef = B0BD2BCF0BE2542600F71A26 /* universal_include.h */; };
		B0BD2C780BE26C2F00F71A26 /* universal_include.cpp in Sources */ = {isa = PBXBuildFile; fileRef = B0BD2BA70BE2541300F71A26 /* universal_include.cpp */; };
		B0BD2C790BE26C3000F71A26 /* udpsocket.h in Headers */ = {isa = PBXBuildFile; fileRef = B0BD2BCE0BE2542600F71A26 /* udpsocket.h */; };
		B0BD2C7A0BE26C3000F71A26 /* udpsocket.cpp in Sources */ = {isa = PBXBuildFile; fileRef = B0BD2BA60BE2541300F71A26 /* udpsocket.cpp */; };
		B0BD2C7B0BE26C3000F71A26 /* tree.h in Headers */ = {isa = PBXBuildFile; fileRef = B0BD2BCD0BE2542600F71A26 /* tree.h */; };
		B0BD2C7C0BE26C3100F71A26 /* textwriter.h in Headers */ = {isa = PBXBuildFile; fileRef = B0BD2BCC0BE2542600F71A26 /* textwriter.h */; };
		B0BD2C7D0BE26C3100F71A26 /* textreader.h in Headers */ = {isa = PBXBuildFile; fileRef = B0BD2BCB0BE2542600F71A26 /* textreader.h */; };
		B0BD2C7E0BE26C3200F71A26 /* textwriter.cpp in Sources */ = {isa = PBXBuildFile; fileRef = B0BD2BA50BE2541300F71A26 /* textwriter.cpp */; };
		B0BD2C7F0BE26C3200F71A26 /* textreader.cpp in Sources */ = {isa = PBXBuildFile; fileRef = B0BD2BA40BE2541300F71A26 /* textreader.cpp */; };
		B0BD2C800BE26C3200F71A26 /* tcpsocket.h in Headers */ = {isa = PBXBuildFile; fileRef = B0BD2BCA0BE2542600F71A26 /* tcpsocket.h */; };
		B0BD2C810BE26C3200F71A26 /* tcpsocket.cpp in Sources */ = {isa = PBXBuildFile; fileRef = B0BD2BA30BE2541300F71A26 /* tcpsocket.cpp */; };
		B0BD2C820BE26C3300F71A26 /* stopwatch.h in Headers */ = {isa = PBXBuildFile; fileRef = B0BD2BC90BE2542600F71A26 /* stopwatch.h */; };
		B0BD2C830BE26C3300F71A26 /* stopwatch.cpp in Sources */ = {isa = PBXBuildFile; fileRef = B0BD2BA20BE2541300F71A26 /* stopwatch.cpp */; };
		B0BD2C840BE26C3400F71A26 /* splay.h in Headers */ = {isa = PBXBuildFile; fileRef = B0BD2BC80BE2542600F71A26 /* splay.h */; };
		B0BD2C860BE26C3400F71A26 /* sortclass.h in Headers */ = {isa = PBXBuildFile; fileRef = B0BD2BC60BE2542600F71A26 /* sortclass.h */; };
		B0BD2C880BE26C3500F71A26 /* rbtree.h in Headers */ = {isa = PBXBuildFile; fileRef = B0BD2BC40BE2542600F71A26 /* rbtree.h */; };
		B0BD2C8A0BE26C3700F71A26 /* CrissCross_Prefix.pch in Headers */ = {isa = PBXBuildFile; fileRef = 32BAE0B70371A74B00C91783 /* CrissCross_Prefix.pch */; };
		B0BD2C8B0BE26C3700F71A26 /* llist.h in Headers */ = {isa = PBXBuildFile; fileRef = B0BD2BC20BE2542600F71A26 /* llist.h */; };
		B0BD2C8E0BE26C7C00F71A26 /* darray.cpp in Headers */ = {isa = PBXBuildFile; fileRef = B0BD2BBD0BE2542600F71A26 /* darray.cpp */; };
		B0BD2C8F0BE26C7C00F71A26 /* dstack.cpp in Headers */ = {isa = PBXBuildFile; fileRef = B0BD2BBF0BE2542600F71A26 /* dstack.cpp */; };
		B0BD2C900BE26C7C00F71A26 /* llist.cpp in Headers */ = {isa = PBXBuildFile; fileRef = B0BD2BC10BE2542600F71A26 /* llist.cpp */; };
		B0BD2C910BE26C7C00F71A26 /* rbtree.cpp in Headers */ = {isa = PBXBuildFile; fileRef = B0BD2BC30BE2542600F71A26 /* rbtree.cpp */; };
		B0BD2C920BE26C7C00F71A26 /* sortclass.cpp in Headers */ = {isa = PBXBuildFile; fileRef = B0BD2BC50BE2542600F71A26 /* sortclass.cpp */; };
		B0BD2C930BE26C7C00F71A26 /* splay.cpp in Headers */ = {isa = PBXBuildFile; fileRef = B0BD2BC70BE2542600F71A26 /* splay.cpp */; };
		B0ED57BE0BEAF76A00F6033B /* platform_detect.h in Headers */ = {isa = PBXBuildFile; fileRef = B0ED57BD0BEAF76A00F6033B /* platform_detect.h */; };
/* End PBXBuildFile section */

/* Begin PBXFileReference section */
		089C1667FE841158C02AAC07 /* English */ = {isa = PBXFileReference; fileEncoding = 10; lastKnownFileType = text.plist.strings; name = English; path = English.lproj/InfoPlist.strings; sourceTree = "<group>"; };
		08FB77AAFE841565C02AAC07 /* Carbon.framework */ = {isa = PBXFileReference; lastKnownFileType = wrapper.framework; name = Carbon.framework; path = /System/Library/Frameworks/Carbon.framework; sourceTree = "<absolute>"; };
		32BAE0B70371A74B00C91783 /* CrissCross_Prefix.pch */ = {isa = PBXFileReference; fileEncoding = 4; lastKnownFileType = sourcecode.c.h; path = CrissCross_Prefix.pch; sourceTree = "<group>"; };
		8D07F2C70486CC7A007CD1D0 /* Info.plist */ = {isa = PBXFileReference; fileEncoding = 4; lastKnownFileType = text.plist; path = Info.plist; sourceTree = "<group>"; };
		B0BD2B8A0BE2540900F71A26 /* core_console.cpp */ = {isa = PBXFileReference; fileEncoding = 30; lastKnownFileType = sourcecode.cpp.cpp; name = core_console.cpp; path = ../source/core_console.cpp; sourceTree = SOURCE_ROOT; };
		B0BD2B8B0BE2540900F71A26 /* core_cpuid.cpp */ = {isa = PBXFileReference; fileEncoding = 30; lastKnownFileType = sourcecode.cpp.cpp; name = core_cpuid.cpp; path = ../source/core_cpuid.cpp; sourceTree = SOURCE_ROOT; };
		B0BD2B8C0BE2540900F71A26 /* core_databuffer.cpp */ = {isa = PBXFileReference; fileEncoding = 30; lastKnownFileType = sourcecode.cpp.cpp; name = core_databuffer.cpp; path = ../source/core_databuffer.cpp; sourceTree = SOURCE_ROOT; };
		B0BD2B8D0BE2540900F71A26 /* core_debug.cpp */ = {isa = PBXFileReference; fileEncoding = 30; lastKnownFileType = sourcecode.cpp.cpp; name = core_debug.cpp; path = ../source/core_debug.cpp; sourceTree = SOURCE_ROOT; };
		B0BD2B8E0BE2540900F71A26 /* core_error.cpp */ = {isa = PBXFileReference; fileEncoding = 30; lastKnownFileType = sourcecode.cpp.cpp; name = core_error.cpp; path = ../source/core_error.cpp; sourceTree = SOURCE_ROOT; };
		B0BD2B8F0BE2540900F71A26 /* core_filesystem.cpp */ = {isa = PBXFileReference; fileEncoding = 30; lastKnownFileType = sourcecode.cpp.cpp; name = core_filesystem.cpp; path = ../source/core_filesystem.cpp; sourceTree = SOURCE_ROOT; };
		B0BD2B900BE2540900F71A26 /* core_io_reader.cpp */ = {isa = PBXFileReference; fileEncoding = 30; lastKnownFileType = sourcecode.cpp.cpp; name = core_io_reader.cpp; path = ../source/core_io_reader.cpp; sourceTree = SOURCE_ROOT; };
		B0BD2B910BE2540900F71A26 /* core_io_writer.cpp */ = {isa = PBXFileReference; fileEncoding = 30; lastKnownFileType = sourcecode.cpp.cpp; name = core_io_writer.cpp; path = ../source/core_io_writer.cpp; sourceTree = SOURCE_ROOT; };
		B0BD2B920BE2540900F71A26 /* core_mutex.cpp */ = {isa = PBXFileReference; fileEncoding = 30; lastKnownFileType = sourcecode.cpp.cpp; name = core_mutex.cpp; path = ../source/core_mutex.cpp; sourceTree = SOURCE_ROOT; };
		B0BD2B930BE2540900F71A26 /* core_network.cpp */ = {isa = PBXFileReference; fileEncoding = 30; lastKnownFileType = sourcecode.cpp.cpp; name = core_network.cpp; path = ../source/core_network.cpp; sourceTree = SOURCE_ROOT; };
		B0BD2B940BE2540900F71A26 /* core_socket.cpp */ = {isa = PBXFileReference; fileEncoding = 30; lastKnownFileType = sourcecode.cpp.cpp; name = core_socket.cpp; path = ../source/core_socket.cpp; sourceTree = SOURCE_ROOT; };
		B0BD2B950BE2540900F71A26 /* core_system.cpp */ = {isa = PBXFileReference; fileEncoding = 30; lastKnownFileType = sourcecode.cpp.cpp; name = core_system.cpp; path = ../source/core_system.cpp; sourceTree = SOURCE_ROOT; };
		B0BD2BA20BE2541300F71A26 /* stopwatch.cpp */ = {isa = PBXFileReference; fileEncoding = 30; lastKnownFileType = sourcecode.cpp.cpp; name = stopwatch.cpp; path = ../source/stopwatch.cpp; sourceTree = SOURCE_ROOT; };
		B0BD2BA30BE2541300F71A26 /* tcpsocket.cpp */ = {isa = PBXFileReference; fileEncoding = 30; lastKnownFileType = sourcecode.cpp.cpp; name = tcpsocket.cpp; path = ../source/tcpsocket.cpp; sourceTree = SOURCE_ROOT; };
		B0BD2BA40BE2541300F71A26 /* textreader.cpp */ = {isa = PBXFileReference; fileEncoding = 30; lastKnownFileType = sourcecode.cpp.cpp; name = textreader.cpp; path = ../source/textreader.cpp; sourceTree = SOURCE_ROOT; };
		B0BD2BA50BE2541300F71A26 /* textwriter.cpp */ = {isa = PBXFileReference; fileEncoding = 30; lastKnownFileType = sourcecode.cpp.cpp; name = textwriter.cpp; path = ../source/textwriter.cpp; sourceTree = SOURCE_ROOT; };
		B0BD2BA60BE2541300F71A26 /* udpsocket.cpp */ = {isa = PBXFileReference; fileEncoding = 30; lastKnownFileType = sourcecode.cpp.cpp; name = udpsocket.cpp; path = ../source/udpsocket.cpp; sourceTree = SOURCE_ROOT; };
		B0BD2BA70BE2541300F71A26 /* universal_include.cpp */ = {isa = PBXFileReference; fileEncoding = 30; lastKnownFileType = sourcecode.cpp.cpp; name = universal_include.cpp; path = ../source/universal_include.cpp; sourceTree = SOURCE_ROOT; };
		B0BD2BAE0BE2542600F71A26 /* core_compare.h */ = {isa = PBXFileReference; fileEncoding = 30; lastKnownFileType = sourcecode.c.h; name = core_compare.h; path = ../source/crisscross/core_compare.h; sourceTree = SOURCE_ROOT; };
		B0BD2BAF0BE2542600F71A26 /* core_console.h */ = {isa = PBXFileReference; fileEncoding = 30; lastKnownFileType = sourcecode.c.h; name = core_console.h; path = ../source/crisscross/core_console.h; sourceTree = SOURCE_ROOT; };
		B0BD2BB00BE2542600F71A26 /* core_cpuid.h */ = {isa = PBXFileReference; fileEncoding = 30; lastKnownFileType = sourcecode.c.h; name = core_cpuid.h; path = ../source/crisscross/core_cpuid.h; sourceTree = SOURCE_ROOT; };
		B0BD2BB10BE2542600F71A26 /* core_databuffer.h */ = {isa = PBXFileReference; fileEncoding = 30; lastKnownFileType = sourcecode.c.h; name = core_databuffer.h; path = ../source/crisscross/core_databuffer.h; sourceTree = SOURCE_ROOT; };
		B0BD2BB20BE2542600F71A26 /* core_debug.h */ = {isa = PBXFileReference; fileEncoding = 30; lastKnownFileType = sourcecode.c.h; name = core_debug.h; path = ../source/crisscross/core_debug.h; sourceTree = SOURCE_ROOT; };
		B0BD2BB30BE2542600F71A26 /* core_deprecate.h */ = {isa = PBXFileReference; fileEncoding = 30; lastKnownFileType = sourcecode.c.h; name = core_deprecate.h; path = ../source/crisscross/core_deprecate.h; sourceTree = SOURCE_ROOT; };
		B0BD2BB40BE2542600F71A26 /* core_error.h */ = {isa = PBXFileReference; fileEncoding = 30; lastKnownFileType = sourcecode.c.h; name = core_error.h; path = ../source/crisscross/core_error.h; sourceTree = SOURCE_ROOT; };
		B0BD2BB50BE2542600F71A26 /* core_filesystem.h */ = {isa = PBXFileReference; fileEncoding = 30; lastKnownFileType = sourcecode.c.h; name = core_filesystem.h; path = ../source/crisscross/core_filesystem.h; sourceTree = SOURCE_ROOT; };
		B0BD2BB60BE2542600F71A26 /* core_io_reader.h */ = {isa = PBXFileReference; fileEncoding = 30; lastKnownFileType = sourcecode.c.h; name = core_io_reader.h; path = ../source/crisscross/core_io_reader.h; sourceTree = SOURCE_ROOT; };
		B0BD2BB70BE2542600F71A26 /* core_io_writer.h */ = {isa = PBXFileReference; fileEncoding = 30; lastKnownFileType = sourcecode.c.h; name = core_io_writer.h; path = ../source/crisscross/core_io_writer.h; sourceTree = SOURCE_ROOT; };
		B0BD2BB80BE2542600F71A26 /* core_io.h */ = {isa = PBXFileReference; fileEncoding = 30; lastKnownFileType = sourcecode.c.h; name = core_io.h; path = ../source/crisscross/core_io.h; sourceTree = SOURCE_ROOT; };
		B0BD2BB90BE2542600F71A26 /* core_mutex.h */ = {isa = PBXFileReference; fileEncoding = 30; lastKnownFileType = sourcecode.c.h; name = core_mutex.h; path = ../source/crisscross/core_mutex.h; sourceTree = SOURCE_ROOT; };
		B0BD2BBA0BE2542600F71A26 /* core_network.h */ = {isa = PBXFileReference; fileEncoding = 30; lastKnownFileType = sourcecode.c.h; name = core_network.h; path = ../source/crisscross/core_network.h; sourceTree = SOURCE_ROOT; };
		B0BD2BBB0BE2542600F71A26 /* core_socket.h */ = {isa = PBXFileReference; fileEncoding = 30; lastKnownFileType = sourcecode.c.h; name = core_socket.h; path = ../source/crisscross/core_socket.h; sourceTree = SOURCE_ROOT; };
		B0BD2BBC0BE2542600F71A26 /* core_system.h */ = {isa = PBXFileReference; fileEncoding = 30; lastKnownFileType = sourcecode.c.h; name = core_system.h; path = ../source/crisscross/core_system.h; sourceTree = SOURCE_ROOT; };
		B0BD2BBD0BE2542600F71A26 /* darray.cpp */ = {isa = PBXFileReference; fileEncoding = 30; lastKnownFileType = sourcecode.cpp.cpp; name = darray.cpp; path = ../source/crisscross/darray.cpp; sourceTree = SOURCE_ROOT; };
		B0BD2BBE0BE2542600F71A26 /* darray.h */ = {isa = PBXFileReference; fileEncoding = 30; lastKnownFileType = sourcecode.c.h; name = darray.h; path = ../source/crisscross/darray.h; sourceTree = SOURCE_ROOT; };
		B0BD2BBF0BE2542600F71A26 /* dstack.cpp */ = {isa = PBXFileReference; fileEncoding = 30; lastKnownFileType = sourcecode.cpp.cpp; name = dstack.cpp; path = ../source/crisscross/dstack.cpp; sourceTree = SOURCE_ROOT; };
		B0BD2BC00BE2542600F71A26 /* dstack.h */ = {isa = PBXFileReference; fileEncoding = 30; lastKnownFileType = sourcecode.c.h; name = dstack.h; path = ../source/crisscross/dstack.h; sourceTree = SOURCE_ROOT; };
		B0BD2BC10BE2542600F71A26 /* llist.cpp */ = {isa = PBXFileReference; fileEncoding = 30; lastKnownFileType = sourcecode.cpp.cpp; name = llist.cpp; path = ../source/crisscross/llist.cpp; sourceTree = SOURCE_ROOT; };
		B0BD2BC20BE2542600F71A26 /* llist.h */ = {isa = PBXFileReference; fileEncoding = 30; lastKnownFileType = sourcecode.c.h; name = llist.h; path = ../source/crisscross/llist.h; sourceTree = SOURCE_ROOT; };
		B0BD2BC30BE2542600F71A26 /* rbtree.cpp */ = {isa = PBXFileReference; fileEncoding = 30; lastKnownFileType = sourcecode.cpp.cpp; name = rbtree.cpp; path = ../source/crisscross/rbtree.cpp; sourceTree = SOURCE_ROOT; };
		B0BD2BC40BE2542600F71A26 /* rbtree.h */ = {isa = PBXFileReference; fileEncoding = 30; lastKnownFileType = sourcecode.c.h; name = rbtree.h; path = ../source/crisscross/rbtree.h; sourceTree = SOURCE_ROOT; };
		B0BD2BC50BE2542600F71A26 /* sortclass.cpp */ = {isa = PBXFileReference; fileEncoding = 30; lastKnownFileType = sourcecode.cpp.cpp; name = sortclass.cpp; path = ../source/crisscross/sortclass.cpp; sourceTree = SOURCE_ROOT; };
		B0BD2BC60BE2542600F71A26 /* sortclass.h */ = {isa = PBXFileReference; fileEncoding = 30; lastKnownFileType = sourcecode.c.h; name = sortclass.h; path = ../source/crisscross/sortclass.h; sourceTree = SOURCE_ROOT; };
		B0BD2BC70BE2542600F71A26 /* splay.cpp */ = {isa = PBXFileReference; fileEncoding = 30; lastKnownFileType = sourcecode.cpp.cpp; name = splay.cpp; path = ../source/crisscross/splay.cpp; sourceTree = SOURCE_ROOT; };
		B0BD2BC80BE2542600F71A26 /* splay.h */ = {isa = PBXFileReference; fileEncoding = 30; lastKnownFileType = sourcecode.c.h; name = splay.h; path = ../source/crisscross/splay.h; sourceTree = SOURCE_ROOT; };
		B0BD2BC90BE2542600F71A26 /* stopwatch.h */ = {isa = PBXFileReference; fileEncoding = 30; lastKnownFileType = sourcecode.c.h; name = stopwatch.h; path = ../source/crisscross/stopwatch.h; sourceTree = SOURCE_ROOT; };
		B0BD2BCA0BE2542600F71A26 /* tcpsocket.h */ = {isa = PBXFileReference; fileEncoding = 30; lastKnownFileType = sourcecode.c.h; name = tcpsocket.h; path = ../source/crisscross/tcpsocket.h; sourceTree = SOURCE_ROOT; };
		B0BD2BCB0BE2542600F71A26 /* textreader.h */ = {isa = PBXFileReference; fileEncoding = 30; lastKnownFileType = sourcecode.c.h; name = textreader.h; path = ../source/crisscross/textreader.h; sourceTree = SOURCE_ROOT; };
		B0BD2BCC0BE2542600F71A26 /* textwriter.h */ = {isa = PBXFileReference; fileEncoding = 30; lastKnownFileType = sourcecode.c.h; name = textwriter.h; path = ../source/crisscross/textwriter.h; sourceTree = SOURCE_ROOT; };
		B0BD2BCD0BE2542600F71A26 /* tree.h */ = {isa = PBXFileReference; fileEncoding = 30; lastKnownFileType = sourcecode.c.h; name = tree.h; path = ../source/crisscross/tree.h; sourceTree = SOURCE_ROOT; };
		B0BD2BCE0BE2542600F71A26 /* udpsocket.h */ = {isa = PBXFileReference; fileEncoding = 30; lastKnownFileType = sourcecode.c.h; name = udpsocket.h; path = ../source/crisscross/udpsocket.h; sourceTree = SOURCE_ROOT; };
		B0BD2BCF0BE2542600F71A26 /* universal_include.h */ = {isa = PBXFileReference; fileEncoding = 30; lastKnownFileType = sourcecode.c.h; name = universal_include.h; path = ../source/crisscross/universal_include.h; sourceTree = SOURCE_ROOT; };
		B0BD2C480BE26BDC00F71A26 /* libCrissCross Static.a */ = {isa = PBXFileReference; explicitFileType = archive.ar; includeInIndex = 0; path = "libCrissCross Static.a"; sourceTree = BUILT_PRODUCTS_DIR; };
		B0ED57BD0BEAF76A00F6033B /* platform_detect.h */ = {isa = PBXFileReference; fileEncoding = 30; lastKnownFileType = sourcecode.c.h; name = platform_detect.h; path = ../source/crisscross/platform_detect.h; sourceTree = SOURCE_ROOT; };
/* End PBXFileReference section */

/* Begin PBXFrameworksBuildPhase section */
		B0BD2C460BE26BDB00F71A26 /* Frameworks */ = {
			isa = PBXFrameworksBuildPhase;
			buildActionMask = 2147483647;
			files = (
			);
			runOnlyForDeploymentPostprocessing = 0;
		};
/* End PBXFrameworksBuildPhase section */

/* Begin PBXGroup section */
		034768DDFF38A45A11DB9C8B /* Products */ = {
			isa = PBXGroup;
			children = (
				B0BD2C480BE26BDC00F71A26 /* libCrissCross Static.a */,
			);
			name = Products;
			sourceTree = "<group>";
		};
		0867D691FE84028FC02AAC07 /* CrissCross */ = {
			isa = PBXGroup;
			children = (
				08FB77ACFE841707C02AAC07 /* Source */,
				089C1665FE841158C02AAC07 /* Resources */,
				0867D69AFE84028FC02AAC07 /* External Frameworks and Libraries */,
				034768DDFF38A45A11DB9C8B /* Products */,
			);
			name = CrissCross;
			sourceTree = "<group>";
		};
		0867D69AFE84028FC02AAC07 /* External Frameworks and Libraries */ = {
			isa = PBXGroup;
			children = (
				08FB77AAFE841565C02AAC07 /* Carbon.framework */,
			);
			name = "External Frameworks and Libraries";
			sourceTree = "<group>";
		};
		089C1665FE841158C02AAC07 /* Resources */ = {
			isa = PBXGroup;
			children = (
				8D07F2C70486CC7A007CD1D0 /* Info.plist */,
				089C1666FE841158C02AAC07 /* InfoPlist.strings */,
			);
			name = Resources;
			sourceTree = "<group>";
		};
		08FB77ACFE841707C02AAC07 /* Source */ = {
			isa = PBXGroup;
			children = (
				B0ED57BD0BEAF76A00F6033B /* platform_detect.h */,
				B0BD2BAE0BE2542600F71A26 /* core_compare.h */,
				B0BD2BAF0BE2542600F71A26 /* core_console.h */,
				B0BD2BB00BE2542600F71A26 /* core_cpuid.h */,
				B0BD2BB10BE2542600F71A26 /* core_databuffer.h */,
				B0BD2BB20BE2542600F71A26 /* core_debug.h */,
				B0BD2BB30BE2542600F71A26 /* core_deprecate.h */,
				B0BD2BB40BE2542600F71A26 /* core_error.h */,
				B0BD2BB50BE2542600F71A26 /* core_filesystem.h */,
				B0BD2BB60BE2542600F71A26 /* core_io_reader.h */,
				B0BD2BB70BE2542600F71A26 /* core_io_writer.h */,
				B0BD2BB80BE2542600F71A26 /* core_io.h */,
				B0BD2BB90BE2542600F71A26 /* core_mutex.h */,
				B0BD2BBA0BE2542600F71A26 /* core_network.h */,
				B0BD2BBB0BE2542600F71A26 /* core_socket.h */,
				B0BD2BBC0BE2542600F71A26 /* core_system.h */,
				B0BD2BBD0BE2542600F71A26 /* darray.cpp */,
				B0BD2BBE0BE2542600F71A26 /* darray.h */,
				B0BD2BBF0BE2542600F71A26 /* dstack.cpp */,
				B0BD2BC00BE2542600F71A26 /* dstack.h */,
				B0BD2BC10BE2542600F71A26 /* llist.cpp */,
				B0BD2BC20BE2542600F71A26 /* llist.h */,
				B0BD2BC30BE2542600F71A26 /* rbtree.cpp */,
				B0BD2BC40BE2542600F71A26 /* rbtree.h */,
				B0BD2BC50BE2542600F71A26 /* sortclass.cpp */,
				B0BD2BC60BE2542600F71A26 /* sortclass.h */,
				B0BD2BC70BE2542600F71A26 /* splay.cpp */,
				B0BD2BC80BE2542600F71A26 /* splay.h */,
				B0BD2BC90BE2542600F71A26 /* stopwatch.h */,
				B0BD2BCA0BE2542600F71A26 /* tcpsocket.h */,
				B0BD2BCB0BE2542600F71A26 /* textreader.h */,
				B0BD2BCC0BE2542600F71A26 /* textwriter.h */,
				B0BD2BCD0BE2542600F71A26 /* tree.h */,
				B0BD2BCE0BE2542600F71A26 /* udpsocket.h */,
				B0BD2BCF0BE2542600F71A26 /* universal_include.h */,
				B0BD2BA20BE2541300F71A26 /* stopwatch.cpp */,
				B0BD2BA30BE2541300F71A26 /* tcpsocket.cpp */,
				B0BD2BA40BE2541300F71A26 /* textreader.cpp */,
				B0BD2BA50BE2541300F71A26 /* textwriter.cpp */,
				B0BD2BA60BE2541300F71A26 /* udpsocket.cpp */,
				B0BD2BA70BE2541300F71A26 /* universal_include.cpp */,
				B0BD2B8A0BE2540900F71A26 /* core_console.cpp */,
				B0BD2B8B0BE2540900F71A26 /* core_cpuid.cpp */,
				B0BD2B8C0BE2540900F71A26 /* core_databuffer.cpp */,
				B0BD2B8D0BE2540900F71A26 /* core_debug.cpp */,
				B0BD2B8E0BE2540900F71A26 /* core_error.cpp */,
				B0BD2B8F0BE2540900F71A26 /* core_filesystem.cpp */,
				B0BD2B900BE2540900F71A26 /* core_io_reader.cpp */,
				B0BD2B910BE2540900F71A26 /* core_io_writer.cpp */,
				B0BD2B920BE2540900F71A26 /* core_mutex.cpp */,
				B0BD2B930BE2540900F71A26 /* core_network.cpp */,
				B0BD2B940BE2540900F71A26 /* core_socket.cpp */,
				B0BD2B950BE2540900F71A26 /* core_system.cpp */,
				32BAE0B70371A74B00C91783 /* CrissCross_Prefix.pch */,
			);
			name = Source;
			sourceTree = "<group>";
		};
/* End PBXGroup section */

/* Begin PBXHeadersBuildPhase section */
		B0BD2C440BE26BDB00F71A26 /* Headers */ = {
			isa = PBXHeadersBuildPhase;
			buildActionMask = 2147483647;
			files = (
				B0BD2C8E0BE26C7C00F71A26 /* darray.cpp in Headers */,
				B0BD2C730BE26C2200F71A26 /* darray.h in Headers */,
				B0BD2C8F0BE26C7C00F71A26 /* dstack.cpp in Headers */,
				B0BD2C750BE26C2300F71A26 /* dstack.h in Headers */,
				B0BD2C900BE26C7C00F71A26 /* llist.cpp in Headers */,
				B0BD2C8B0BE26C3700F71A26 /* llist.h in Headers */,
				B0BD2C910BE26C7C00F71A26 /* rbtree.cpp in Headers */,
				B0BD2C880BE26C3500F71A26 /* rbtree.h in Headers */,
				B0BD2C920BE26C7C00F71A26 /* sortclass.cpp in Headers */,
				B0BD2C860BE26C3400F71A26 /* sortclass.h in Headers */,
				B0BD2C930BE26C7C00F71A26 /* splay.cpp in Headers */,
				B0BD2C840BE26C3400F71A26 /* splay.h in Headers */,
				B0BD2C550BE26C0400F71A26 /* core_compare.h in Headers */,
				B0BD2C560BE26C0500F71A26 /* core_console.h in Headers */,
				B0BD2C570BE26C0500F71A26 /* core_cpuid.h in Headers */,
				B0BD2C580BE26C0600F71A26 /* core_databuffer.h in Headers */,
				B0BD2C590BE26C0600F71A26 /* core_debug.h in Headers */,
				B0BD2C5A0BE26C0600F71A26 /* core_deprecate.h in Headers */,
				B0BD2C5B0BE26C0700F71A26 /* core_error.h in Headers */,
				B0BD2C5C0BE26C0700F71A26 /* core_filesystem.h in Headers */,
				B0BD2C5D0BE26C0800F71A26 /* core_io.h in Headers */,
				B0BD2C5E0BE26C0800F71A26 /* core_io_reader.h in Headers */,
				B0BD2C5F0BE26C0900F71A26 /* core_io_writer.h in Headers */,
				B0BD2C610BE26C0A00F71A26 /* core_mutex.h in Headers */,
				B0BD2C630BE26C0B00F71A26 /* core_network.h in Headers */,
				B0BD2C690BE26C0E00F71A26 /* core_socket.h in Headers */,
				B0BD2C6B0BE26C0F00F71A26 /* core_system.h in Headers */,
				B0BD2C770BE26C2F00F71A26 /* universal_include.h in Headers */,
				B0BD2C790BE26C3000F71A26 /* udpsocket.h in Headers */,
				B0BD2C7B0BE26C3000F71A26 /* tree.h in Headers */,
				B0BD2C7C0BE26C3100F71A26 /* textwriter.h in Headers */,
				B0BD2C7D0BE26C3100F71A26 /* textreader.h in Headers */,
				B0BD2C800BE26C3200F71A26 /* tcpsocket.h in Headers */,
				B0BD2C820BE26C3300F71A26 /* stopwatch.h in Headers */,
				B0BD2C8A0BE26C3700F71A26 /* CrissCross_Prefix.pch in Headers */,
				B0ED57BE0BEAF76A00F6033B /* platform_detect.h in Headers */,
			);
			runOnlyForDeploymentPostprocessing = 0;
		};
/* End PBXHeadersBuildPhase section */

/* Begin PBXNativeTarget section */
		B0BD2C470BE26BDB00F71A26 /* CrissCross Static */ = {
			isa = PBXNativeTarget;
			buildConfigurationList = B0BD2C6E0BE26C1200F71A26 /* Build configuration list for PBXNativeTarget "CrissCross Static" */;
			buildPhases = (
				B0BD2C440BE26BDB00F71A26 /* Headers */,
				B0BD2C450BE26BDB00F71A26 /* Sources */,
				B0BD2C460BE26BDB00F71A26 /* Frameworks */,
			);
			buildRules = (
			);
			dependencies = (
			);
			name = "CrissCross Static";
			productName = "CrissCross Static";
			productReference = B0BD2C480BE26BDC00F71A26 /* libCrissCross Static.a */;
			productType = "com.apple.product-type.library.static";
		};
/* End PBXNativeTarget section */

/* Begin PBXProject section */
		0867D690FE84028FC02AAC07 /* Project object */ = {
			isa = PBXProject;
			buildConfigurationList = 4FADC24608B4156D00ABE55E /* Build configuration list for PBXProject "CrissCross" */;
			hasScannedForEncodings = 1;
			mainGroup = 0867D691FE84028FC02AAC07 /* CrissCross */;
			productRefGroup = 034768DDFF38A45A11DB9C8B /* Products */;
			projectDirPath = "";
			targets = (
				B0BD2C470BE26BDB00F71A26 /* CrissCross Static */,
			);
		};
/* End PBXProject section */

/* Begin PBXSourcesBuildPhase section */
		B0BD2C450BE26BDB00F71A26 /* Sources */ = {
			isa = PBXSourcesBuildPhase;
			buildActionMask = 2147483647;
			files = (
				B0BD2C4C0BE26BF600F71A26 /* core_cpuid.cpp in Sources */,
				B0BD2C4D0BE26BF600F71A26 /* core_databuffer.cpp in Sources */,
				B0BD2C4E0BE26BF700F71A26 /* core_debug.cpp in Sources */,
				B0BD2C4F0BE26BF700F71A26 /* core_error.cpp in Sources */,
				B0BD2C500BE26BF800F71A26 /* core_filesystem.cpp in Sources */,
				B0BD2C510BE26BF800F71A26 /* core_io_reader.cpp in Sources */,
				B0BD2C520BE26BF800F71A26 /* core_io_writer.cpp in Sources */,
				B0BD2C540BE26BFE00F71A26 /* core_console.cpp in Sources */,
				B0BD2C600BE26C0900F71A26 /* core_mutex.cpp in Sources */,
				B0BD2C620BE26C0A00F71A26 /* core_network.cpp in Sources */,
				B0BD2C680BE26C0D00F71A26 /* core_socket.cpp in Sources */,
				B0BD2C6A0BE26C0E00F71A26 /* core_system.cpp in Sources */,
				B0BD2C780BE26C2F00F71A26 /* universal_include.cpp in Sources */,
				B0BD2C7A0BE26C3000F71A26 /* udpsocket.cpp in Sources */,
				B0BD2C7E0BE26C3200F71A26 /* textwriter.cpp in Sources */,
				B0BD2C7F0BE26C3200F71A26 /* textreader.cpp in Sources */,
				B0BD2C810BE26C3200F71A26 /* tcpsocket.cpp in Sources */,
				B0BD2C830BE26C3300F71A26 /* stopwatch.cpp in Sources */,
			);
			runOnlyForDeploymentPostprocessing = 0;
		};
/* End PBXSourcesBuildPhase section */

/* Begin PBXVariantGroup section */
		089C1666FE841158C02AAC07 /* InfoPlist.strings */ = {
			isa = PBXVariantGroup;
			children = (
				089C1667FE841158C02AAC07 /* English */,
			);
			name = InfoPlist.strings;
			sourceTree = "<group>";
		};
/* End PBXVariantGroup section */

/* Begin XCBuildConfiguration section */
		4FADC24708B4156D00ABE55E /* Debug */ = {
			isa = XCBuildConfiguration;
			buildSettings = {
				ARCHS = (
					ppc,
					i386,
				);
				GCC_WARN_ABOUT_RETURN_TYPE = YES;
				GCC_WARN_UNUSED_VARIABLE = YES;
				HEADER_SEARCH_PATHS = "$(PROJECT_DIR)/../source/";
				PREBINDING = NO;
				SDKROOT = /Developer/SDKs/MacOSX10.4u.sdk;
			};
			name = Debug;
		};
		4FADC24808B4156D00ABE55E /* Release */ = {
			isa = XCBuildConfiguration;
			buildSettings = {
				ARCHS = (
					ppc,
					i386,
				);
				GCC_WARN_ABOUT_RETURN_TYPE = YES;
				GCC_WARN_UNUSED_VARIABLE = YES;
				HEADER_SEARCH_PATHS = "$(PROJECT_DIR)/../source/";
				PREBINDING = NO;
				SDKROOT = /Developer/SDKs/MacOSX10.4u.sdk;
			};
			name = Release;
		};
		B0BD2C6F0BE26C1200F71A26 /* Debug */ = {
			isa = XCBuildConfiguration;
			buildSettings = {
				COPY_PHASE_STRIP = NO;
				GCC_DYNAMIC_NO_PIC = NO;
				GCC_ENABLE_FIX_AND_CONTINUE = YES;
				GCC_GENERATE_DEBUGGING_SYMBOLS = YES;
				GCC_MODEL_TUNING = G5;
				GCC_OPTIMIZATION_LEVEL = 0;
				GCC_PRECOMPILE_PREFIX_HEADER = YES;
				GCC_PREFIX_HEADER = "$(SYSTEM_LIBRARY_DIR)/Frameworks/Carbon.framework/Headers/Carbon.h";
				INSTALL_PATH = /usr/local/lib;
				OTHER_LDFLAGS = (
					"-framework",
					Carbon,
				);
				PREBINDING = NO;
				PRODUCT_NAME = "CrissCross Static";
				ZERO_LINK = YES;
			};
			name = Debug;
		};
		B0BD2C700BE26C1200F71A26 /* Release */ = {
			isa = XCBuildConfiguration;
			buildSettings = {
				COPY_PHASE_STRIP = YES;
				GCC_ENABLE_FIX_AND_CONTINUE = NO;
				GCC_GENERATE_DEBUGGING_SYMBOLS = NO;
				GCC_MODEL_TUNING = G5;
				GCC_PRECOMPILE_PREFIX_HEADER = YES;
				GCC_PREFIX_HEADER = "$(SYSTEM_LIBRARY_DIR)/Frameworks/Carbon.framework/Headers/Carbon.h";
				INSTALL_PATH = /usr/local/lib;
				OTHER_LDFLAGS = (
					"-framework",
					Carbon,
				);
				PREBINDING = NO;
				PRODUCT_NAME = "CrissCross Static";
				ZERO_LINK = NO;
			};
			name = Release;
		};
/* End XCBuildConfiguration section */

/* Begin XCConfigurationList section */
		4FADC24608B4156D00ABE55E /* Build configuration list for PBXProject "CrissCross" */ = {
			isa = XCConfigurationList;
			buildConfigurations = (
				4FADC24708B4156D00ABE55E /* Debug */,
				4FADC24808B4156D00ABE55E /* Release */,
			);
			defaultConfigurationIsVisible = 0;
			defaultConfigurationName = Release;
		};
		B0BD2C6E0BE26C1200F71A26 /* Build configuration list for PBXNativeTarget "CrissCross Static" */ = {
			isa = XCConfigurationList;
			buildConfigurations = (
				B0BD2C6F0BE26C1200F71A26 /* Debug */,
				B0BD2C700BE26C1200F71A26 /* Release */,
			);
			defaultConfigurationIsVisible = 0;
			defaultConfigurationName = Release;
		};
/* End XCConfigurationList section */
	};
	rootObject = 0867D690FE84028FC02AAC07 /* Project object */;
}
