// !$*UTF8*$!
{
	archiveVersion = 1;
	classes = {
	};
	objectVersion = 44;
	objects = {

/* Begin PBXBuildFile section */
		8DD76F650486A84900D96B5E /* main.cpp in Sources */ = {isa = PBXBuildFile; fileRef = 08FB7796FE84155DC02AAC07 /* main.cpp */; settings = {ATTRIBUTES = (); }; };
		8DD76F6A0486A84900D96B5E /* CheckMark.1 in CopyFiles */ = {isa = PBXBuildFile; fileRef = C6859E8B029090EE04C91782 /* CheckMark.1 */; };
		B0B268BB0D553C4F007C4D4A /* adler32.cpp in Sources */ = {isa = PBXBuildFile; fileRef = B0B268B30D553C4F007C4D4A /* adler32.cpp */; };
		B0B268BC0D553C4F007C4D4A /* crc32.cpp in Sources */ = {isa = PBXBuildFile; fileRef = B0B268B50D553C4F007C4D4A /* crc32.cpp */; };
		B0B268BD0D553C4F007C4D4A /* header.cpp in Sources */ = {isa = PBXBuildFile; fileRef = B0B268B70D553C4F007C4D4A /* header.cpp */; };
		B0B268BE0D553C4F007C4D4A /* random.cpp in Sources */ = {isa = PBXBuildFile; fileRef = B0B268B90D553C4F007C4D4A /* random.cpp */; };
		B0B268C90D553C65007C4D4A /* libCrissCross Static.a in Frameworks */ = {isa = PBXBuildFile; fileRef = B0B268C80D553C5E007C4D4A /* libCrissCross Static.a */; };
/* End PBXBuildFile section */

/* Begin PBXContainerItemProxy section */
		B0B268C70D553C5E007C4D4A /* PBXContainerItemProxy */ = {
			isa = PBXContainerItemProxy;
			containerPortal = B0B268BF0D553C5E007C4D4A /* CrissCross.xcodeproj */;
			proxyType = 2;
			remoteGlobalIDString = B0BD2C480BE26BDC00F71A26;
			remoteInfo = "CrissCross Static";
		};
		B0B268CA0D553C70007C4D4A /* PBXContainerItemProxy */ = {
			isa = PBXContainerItemProxy;
			containerPortal = B0B268BF0D553C5E007C4D4A /* CrissCross.xcodeproj */;
			proxyType = 1;
			remoteGlobalIDString = B0BD2C470BE26BDB00F71A26;
			remoteInfo = "CrissCross Static";
		};
/* End PBXContainerItemProxy section */

/* Begin PBXCopyFilesBuildPhase section */
		8DD76F690486A84900D96B5E /* CopyFiles */ = {
			isa = PBXCopyFilesBuildPhase;
			buildActionMask = 8;
			dstPath = /usr/share/man/man1/;
			dstSubfolderSpec = 0;
			files = (
				8DD76F6A0486A84900D96B5E /* CheckMark.1 in CopyFiles */,
			);
			runOnlyForDeploymentPostprocessing = 1;
		};
/* End PBXCopyFilesBuildPhase section */

/* Begin PBXFileReference section */
		08FB7796FE84155DC02AAC07 /* main.cpp */ = {isa = PBXFileReference; fileEncoding = 4; lastKnownFileType = sourcecode.cpp.cpp; path = main.cpp; sourceTree = "<group>"; };
		8DD76F6C0486A84900D96B5E /* CheckMark */ = {isa = PBXFileReference; explicitFileType = "compiled.mach-o.executable"; includeInIndex = 0; path = CheckMark; sourceTree = BUILT_PRODUCTS_DIR; };
		B0B268B30D553C4F007C4D4A /* adler32.cpp */ = {isa = PBXFileReference; fileEncoding = 4; lastKnownFileType = sourcecode.cpp.cpp; path = adler32.cpp; sourceTree = "<group>"; };
		B0B268B40D553C4F007C4D4A /* adler32.h */ = {isa = PBXFileReference; fileEncoding = 4; lastKnownFileType = sourcecode.c.h; path = adler32.h; sourceTree = "<group>"; };
		B0B268B50D553C4F007C4D4A /* crc32.cpp */ = {isa = PBXFileReference; fileEncoding = 4; lastKnownFileType = sourcecode.cpp.cpp; path = crc32.cpp; sourceTree = "<group>"; };
		B0B268B60D553C4F007C4D4A /* crc32.h */ = {isa = PBXFileReference; fileEncoding = 4; lastKnownFileType = sourcecode.c.h; path = crc32.h; sourceTree = "<group>"; };
		B0B268B70D553C4F007C4D4A /* header.cpp */ = {isa = PBXFileReference; fileEncoding = 4; lastKnownFileType = sourcecode.cpp.cpp; path = header.cpp; sourceTree = "<group>"; };
		B0B268B80D553C4F007C4D4A /* header.h */ = {isa = PBXFileReference; fileEncoding = 4; lastKnownFileType = sourcecode.c.h; path = header.h; sourceTree = "<group>"; };
		B0B268B90D553C4F007C4D4A /* random.cpp */ = {isa = PBXFileReference; fileEncoding = 4; lastKnownFileType = sourcecode.cpp.cpp; path = random.cpp; sourceTree = "<group>"; };
		B0B268BA0D553C4F007C4D4A /* random.h */ = {isa = PBXFileReference; fileEncoding = 4; lastKnownFileType = sourcecode.c.h; path = random.h; sourceTree = "<group>"; };
		B0B268BF0D553C5E007C4D4A /* CrissCross.xcodeproj */ = {isa = PBXFileReference; lastKnownFileType = "wrapper.pb-project"; name = CrissCross.xcodeproj; path = ../../xcode/CrissCross.xcodeproj; sourceTree = SOURCE_ROOT; };
		C6859E8B029090EE04C91782 /* CheckMark.1 */ = {isa = PBXFileReference; lastKnownFileType = text.man; path = CheckMark.1; sourceTree = "<group>"; };
/* End PBXFileReference section */

/* Begin PBXFrameworksBuildPhase section */
		8DD76F660486A84900D96B5E /* Frameworks */ = {
			isa = PBXFrameworksBuildPhase;
			buildActionMask = 2147483647;
			files = (
				B0B268C90D553C65007C4D4A /* libCrissCross Static.a in Frameworks */,
			);
			runOnlyForDeploymentPostprocessing = 0;
		};
/* End PBXFrameworksBuildPhase section */

/* Begin PBXGroup section */
		08FB7794FE84155DC02AAC07 /* CheckMark */ = {
			isa = PBXGroup;
			children = (
				B0B268BF0D553C5E007C4D4A /* CrissCross.xcodeproj */,
				08FB7795FE84155DC02AAC07 /* Source */,
				C6859E8C029090F304C91782 /* Documentation */,
				1AB674ADFE9D54B511CA2CBB /* Products */,
			);
			name = CheckMark;
			sourceTree = "<group>";
		};
		08FB7795FE84155DC02AAC07 /* Source */ = {
			isa = PBXGroup;
			children = (
				B0B268B30D553C4F007C4D4A /* adler32.cpp */,
				B0B268B40D553C4F007C4D4A /* adler32.h */,
				B0B268B50D553C4F007C4D4A /* crc32.cpp */,
				B0B268B60D553C4F007C4D4A /* crc32.h */,
				B0B268B70D553C4F007C4D4A /* header.cpp */,
				B0B268B80D553C4F007C4D4A /* header.h */,
				B0B268B90D553C4F007C4D4A /* random.cpp */,
				B0B268BA0D553C4F007C4D4A /* random.h */,
				08FB7796FE84155DC02AAC07 /* main.cpp */,
			);
			name = Source;
			sourceTree = "<group>";
		};
		1AB674ADFE9D54B511CA2CBB /* Products */ = {
			isa = PBXGroup;
			children = (
				8DD76F6C0486A84900D96B5E /* CheckMark */,
			);
			name = Products;
			sourceTree = "<group>";
		};
		B0B268C00D553C5E007C4D4A /* Products */ = {
			isa = PBXGroup;
			children = (
				B0B268C80D553C5E007C4D4A /* libCrissCross Static.a */,
			);
			name = Products;
			sourceTree = "<group>";
		};
		C6859E8C029090F304C91782 /* Documentation */ = {
			isa = PBXGroup;
			children = (
				C6859E8B029090EE04C91782 /* CheckMark.1 */,
			);
			name = Documentation;
			sourceTree = "<group>";
		};
/* End PBXGroup section */

/* Begin PBXNativeTarget section */
		8DD76F620486A84900D96B5E /* CheckMark */ = {
			isa = PBXNativeTarget;
			buildConfigurationList = 1DEB923108733DC60010E9CD /* Build configuration list for PBXNativeTarget "CheckMark" */;
			buildPhases = (
				8DD76F640486A84900D96B5E /* Sources */,
				8DD76F660486A84900D96B5E /* Frameworks */,
				8DD76F690486A84900D96B5E /* CopyFiles */,
			);
			buildRules = (
			);
			dependencies = (
				B0B268CB0D553C70007C4D4A /* PBXTargetDependency */,
			);
			name = CheckMark;
			productInstallPath = "$(HOME)/bin";
			productName = CheckMark;
			productReference = 8DD76F6C0486A84900D96B5E /* CheckMark */;
			productType = "com.apple.product-type.tool";
		};
/* End PBXNativeTarget section */

/* Begin PBXProject section */
		08FB7793FE84155DC02AAC07 /* Project object */ = {
			isa = PBXProject;
			buildConfigurationList = 1DEB923508733DC60010E9CD /* Build configuration list for PBXProject "CheckMark" */;
			compatibilityVersion = "Xcode 3.0";
			hasScannedForEncodings = 1;
			mainGroup = 08FB7794FE84155DC02AAC07 /* CheckMark */;
			projectDirPath = "";
			projectReferences = (
				{
					ProductGroup = B0B268C00D553C5E007C4D4A /* Products */;
					ProjectRef = B0B268BF0D553C5E007C4D4A /* CrissCross.xcodeproj */;
				},
			);
			projectRoot = "";
			targets = (
				8DD76F620486A84900D96B5E /* CheckMark */,
			);
		};
/* End PBXProject section */

/* Begin PBXReferenceProxy section */
		B0B268C80D553C5E007C4D4A /* libCrissCross Static.a */ = {
			isa = PBXReferenceProxy;
			fileType = archive.ar;
			path = "libCrissCross Static.a";
			remoteRef = B0B268C70D553C5E007C4D4A /* PBXContainerItemProxy */;
			sourceTree = BUILT_PRODUCTS_DIR;
		};
/* End PBXReferenceProxy section */

/* Begin PBXSourcesBuildPhase section */
		8DD76F640486A84900D96B5E /* Sources */ = {
			isa = PBXSourcesBuildPhase;
			buildActionMask = 2147483647;
			files = (
				8DD76F650486A84900D96B5E /* main.cpp in Sources */,
				B0B268BB0D553C4F007C4D4A /* adler32.cpp in Sources */,
				B0B268BC0D553C4F007C4D4A /* crc32.cpp in Sources */,
				B0B268BD0D553C4F007C4D4A /* header.cpp in Sources */,
				B0B268BE0D553C4F007C4D4A /* random.cpp in Sources */,
			);
			runOnlyForDeploymentPostprocessing = 0;
		};
/* End PBXSourcesBuildPhase section */

/* Begin PBXTargetDependency section */
		B0B268CB0D553C70007C4D4A /* PBXTargetDependency */ = {
			isa = PBXTargetDependency;
			name = "CrissCross Static";
			targetProxy = B0B268CA0D553C70007C4D4A /* PBXContainerItemProxy */;
		};
/* End PBXTargetDependency section */

/* Begin XCBuildConfiguration section */
		1DEB923208733DC60010E9CD /* Debug */ = {
			isa = XCBuildConfiguration;
			buildSettings = {
				COPY_PHASE_STRIP = NO;
				GCC_DYNAMIC_NO_PIC = NO;
				GCC_ENABLE_FIX_AND_CONTINUE = YES;
				GCC_MODEL_TUNING = G5;
				GCC_OPTIMIZATION_LEVEL = 0;
				GCC_PREPROCESSOR_DEFINITIONS = (
					"_GLIBCXX_DEBUG=1",
					"_GLIBCXX_DEBUG_PEDANTIC=1",
				);
				INSTALL_PATH = /usr/local/bin;
				PRODUCT_NAME = CheckMark;
				ZERO_LINK = YES;
			};
			name = Debug;
		};
		1DEB923308733DC60010E9CD /* Release */ = {
			isa = XCBuildConfiguration;
			buildSettings = {
				DEBUG_INFORMATION_FORMAT = "dwarf-with-dsym";
				GCC_MODEL_TUNING = G5;
				INSTALL_PATH = /usr/local/bin;
				PRODUCT_NAME = CheckMark;
			};
			name = Release;
		};
		1DEB923608733DC60010E9CD /* Debug */ = {
			isa = XCBuildConfiguration;
			buildSettings = {
				ARCHS = "$(NATIVE_ARCH_ACTUAL)";
				GCC_PRECOMPILE_PREFIX_HEADER = YES;
				GCC_PREFIX_HEADER = header.h;
				GCC_WARN_ABOUT_RETURN_TYPE = YES;
				GCC_WARN_UNUSED_VARIABLE = YES;
				HEADER_SEARCH_PATHS = ../../source;
				PREBINDING = NO;
				SDKROOT = "$(DEVELOPER_SDK_DIR)/MacOSX10.5.sdk";
				STANDARD_C_PLUS_PLUS_LIBRARY_TYPE = static;
			};
			name = Debug;
		};
		1DEB923708733DC60010E9CD /* Release */ = {
			isa = XCBuildConfiguration;
			buildSettings = {
				ARCHS = (
					i386,
					ppc,
					ppc64,
					x86_64,
				);
				GCC_PRECOMPILE_PREFIX_HEADER = YES;
				GCC_PREFIX_HEADER = header.h;
				GCC_WARN_ABOUT_RETURN_TYPE = YES;
				GCC_WARN_UNUSED_VARIABLE = YES;
				HEADER_SEARCH_PATHS = ../../source;
				PREBINDING = NO;
				SDKROOT = "$(DEVELOPER_SDK_DIR)/MacOSX10.5.sdk";
				STANDARD_C_PLUS_PLUS_LIBRARY_TYPE = static;
			};
			name = Release;
		};
/* End XCBuildConfiguration section */

/* Begin XCConfigurationList section */
		1DEB923108733DC60010E9CD /* Build configuration list for PBXNativeTarget "CheckMark" */ = {
			isa = XCConfigurationList;
			buildConfigurations = (
				1DEB923208733DC60010E9CD /* Debug */,
				1DEB923308733DC60010E9CD /* Release */,
			);
			defaultConfigurationIsVisible = 0;
			defaultConfigurationName = Release;
		};
		1DEB923508733DC60010E9CD /* Build configuration list for PBXProject "CheckMark" */ = {
			isa = XCConfigurationList;
			buildConfigurations = (
				1DEB923608733DC60010E9CD /* Debug */,
				1DEB923708733DC60010E9CD /* Release */,
			);
			defaultConfigurationIsVisible = 0;
			defaultConfigurationName = Release;
		};
/* End XCConfigurationList section */
	};
	rootObject = 08FB7793FE84155DC02AAC07 /* Project object */;
}
